
Microsoft Visual Studio Solution File, Format Version 12.00
# Visual Studio 14
VisualStudioVersion = 14.0.25420.1
MinimumVisualStudioVersion = 10.0.40219.1
Project("{FAE04EC0-301F-11D3-BF4B-00C04F79EFBC}") = "kurstry", "kurstry\kurstry.csproj", "{35CB4C02-C8A3-4560-835D-DC59B19ADDFC}"
EndProject
Project("{2150E333-8FDC-42A3-9474-1A3956D46DE8}") = "NewFolder1", "NewFolder1", "{9F94EFFC-681B-426D-B6B5-5853DFEA6D5A}"
	ProjectSection(SolutionItems) = preProject
		..\..\..\..\Desktop\p_z_zpuguIw.jpg = ..\..\..\..\Desktop\p_z_zpuguIw.jpg
	EndProjectSection
EndProject
Global
	GlobalSection(SolutionConfigurationPlatforms) = preSolution
		Debug|Any CPU = Debug|Any CPU
		Release|Any CPU = Release|Any CPU
	EndGlobalSection
	GlobalSection(ProjectConfigurationPlatforms) = postSolution
		{35CB4C02-C8A3-4560-835D-DC59B19ADDFC}.Debug|Any CPU.ActiveCfg = Debug|Any CPU
		{35CB4C02-C8A3-4560-835D-DC59B19ADDFC}.Debug|Any CPU.Build.0 = Debug|Any CPU
		{35CB4C02-C8A3-4560-835D-DC59B19ADDFC}.Release|Any CPU.ActiveCfg = Release|Any CPU
		{35CB4C02-C8A3-4560-835D-DC59B19ADDFC}.Release|Any CPU.Build.0 = Release|Any CPU
	EndGlobalSection
	GlobalSection(SolutionProperties) = preSolution
		HideSolutionNode = FALSE
	EndGlobalSection
EndGlobal
